// !$*UTF8*$!
{
	archiveVersion = 1;
	classes = {
	};
	objectVersion = 46;
	objects = {

/* Begin PBXBuildFile section */
		91897C121E30506C00EB6DC3 /* AppDelegate.swift in Sources */ = {isa = PBXBuildFile; fileRef = 91897C111E30506C00EB6DC3 /* AppDelegate.swift */; };
		91897C141E30506C00EB6DC3 /* ViewController.swift in Sources */ = {isa = PBXBuildFile; fileRef = 91897C131E30506C00EB6DC3 /* ViewController.swift */; };
		91897C161E30506C00EB6DC3 /* Assets.xcassets in Resources */ = {isa = PBXBuildFile; fileRef = 91897C151E30506C00EB6DC3 /* Assets.xcassets */; };
		91897C191E30506C00EB6DC3 /* Main.storyboard in Resources */ = {isa = PBXBuildFile; fileRef = 91897C171E30506C00EB6DC3 /* Main.storyboard */; };
		91897C211E3051AB00EB6DC3 /* SBView.swift in Sources */ = {isa = PBXBuildFile; fileRef = 91897C201E3051AB00EB6DC3 /* SBView.swift */; };
/* End PBXBuildFile section */

/* Begin PBXFileReference section */
		91897C0E1E30506C00EB6DC3 /* NSPastboard.app */ = {isa = PBXFileReference; explicitFileType = wrapper.application; includeInIndex = 0; path = NSPastboard.app; sourceTree = BUILT_PRODUCTS_DIR; };
		91897C111E30506C00EB6DC3 /* AppDelegate.swift */ = {isa = PBXFileReference; lastKnownFileType = sourcecode.swift; path = AppDelegate.swift; sourceTree = "<group>"; };
		91897C131E30506C00EB6DC3 /* ViewController.swift */ = {isa = PBXFileReference; lastKnownFileType = sourcecode.swift; path = ViewController.swift; sourceTree = "<group>"; };
		91897C151E30506C00EB6DC3 /* Assets.xcassets */ = {isa = PBXFileReference; lastKnownFileType = folder.assetcatalog; path = Assets.xcassets; sourceTree = "<group>"; };
		91897C181E30506C00EB6DC3 /* Base */ = {isa = PBXFileReference; lastKnownFileType = file.storyboard; name = Base; path = Base.lproj/Main.storyboard; sourceTree = "<group>"; };
		91897C1A1E30506C00EB6DC3 /* Info.plist */ = {isa = PBXFileReference; lastKnownFileType = text.plist.xml; path = Info.plist; sourceTree = "<group>"; };
		91897C201E3051AB00EB6DC3 /* SBView.swift */ = {isa = PBXFileReference; fileEncoding = 4; lastKnownFileType = sourcecode.swift; path = SBView.swift; sourceTree = "<group>"; };
		91897C221E306C1D00EB6DC3 /* NSPastboard.entitlements */ = {isa = PBXFileReference; lastKnownFileType = text.plist.entitlements; path = NSPastboard.entitlements; sourceTree = "<group>"; };
/* End PBXFileReference section */

/* Begin PBXFrameworksBuildPhase section */
		91897C0B1E30506C00EB6DC3 /* Frameworks */ = {
			isa = PBXFrameworksBuildPhase;
			buildActionMask = 2147483647;
			files = (
			);
			runOnlyForDeploymentPostprocessing = 0;
		};
/* End PBXFrameworksBuildPhase section */

/* Begin PBXGroup section */
		91897C051E30506C00EB6DC3 = {
			isa = PBXGroup;
			children = (
				91897C101E30506C00EB6DC3 /* NSPastboard */,
				91897C0F1E30506C00EB6DC3 /* Products */,
			);
			sourceTree = "<group>";
		};
		91897C0F1E30506C00EB6DC3 /* Products */ = {
			isa = PBXGroup;
			children = (
				91897C0E1E30506C00EB6DC3 /* NSPastboard.app */,
			);
			name = Products;
			sourceTree = "<group>";
		};
		91897C101E30506C00EB6DC3 /* NSPastboard */ = {
			isa = PBXGroup;
			children = (
				91897C221E306C1D00EB6DC3 /* NSPastboard.entitlements */,
				91897C111E30506C00EB6DC3 /* AppDelegate.swift */,
				91897C131E30506C00EB6DC3 /* ViewController.swift */,
				91897C201E3051AB00EB6DC3 /* SBView.swift */,
				91897C151E30506C00EB6DC3 /* Assets.xcassets */,
				91897C171E30506C00EB6DC3 /* Main.storyboard */,
				91897C1A1E30506C00EB6DC3 /* Info.plist */,
			);
			path = NSPastboard;
			sourceTree = "<group>";
		};
/* End PBXGroup section */

/* Begin PBXNativeTarget section */
		91897C0D1E30506C00EB6DC3 /* NSPastboard */ = {
			isa = PBXNativeTarget;
			buildConfigurationList = 91897C1D1E30506C00EB6DC3 /* Build configuration list for PBXNativeTarget "NSPastboard" */;
			buildPhases = (
				91897C0A1E30506C00EB6DC3 /* Sources */,
				91897C0B1E30506C00EB6DC3 /* Frameworks */,
				91897C0C1E30506C00EB6DC3 /* Resources */,
			);
			buildRules = (
			);
			dependencies = (
			);
			name = NSPastboard;
			productName = NSPastboard;
			productReference = 91897C0E1E30506C00EB6DC3 /* NSPastboard.app */;
			productType = "com.apple.product-type.application";
		};
/* End PBXNativeTarget section */

/* Begin PBXProject section */
		91897C061E30506C00EB6DC3 /* Project object */ = {
			isa = PBXProject;
			attributes = {
				LastSwiftUpdateCheck = 0820;
				LastUpgradeCheck = 0820;
				ORGANIZATIONNAME = sycf_ios;
				TargetAttributes = {
					91897C0D1E30506C00EB6DC3 = {
						CreatedOnToolsVersion = 8.2.1;
						DevelopmentTeam = M54Y5FDG74;
						ProvisioningStyle = Automatic;
						SystemCapabilities = {
							com.apple.ApplicationGroups.Mac = {
								enabled = 0;
							};
							com.apple.Sandbox = {
								enabled = 0;
							};
						};
					};
				};
			};
			buildConfigurationList = 91897C091E30506C00EB6DC3 /* Build configuration list for PBXProject "NSPastboard" */;
			compatibilityVersion = "Xcode 3.2";
			developmentRegion = English;
			hasScannedForEncodings = 0;
			knownRegions = (
				en,
				Base,
			);
			mainGroup = 91897C051E30506C00EB6DC3;
			productRefGroup = 91897C0F1E30506C00EB6DC3 /* Products */;
			projectDirPath = "";
			projectRoot = "";
			targets = (
				91897C0D1E30506C00EB6DC3 /* NSPastboard */,
			);
		};
/* End PBXProject section */

/* Begin PBXResourcesBuildPhase section */
		91897C0C1E30506C00EB6DC3 /* Resources */ = {
			isa = PBXResourcesBuildPhase;
			buildActionMask = 2147483647;
			files = (
				91897C161E30506C00EB6DC3 /* Assets.xcassets in Resources */,
				91897C191E30506C00EB6DC3 /* Main.storyboard in Resources */,
			);
			runOnlyForDeploymentPostprocessing = 0;
		};
/* End PBXResourcesBuildPhase section */

/* Begin PBXSourcesBuildPhase section */
		91897C0A1E30506C00EB6DC3 /* Sources */ = {
			isa = PBXSourcesBuildPhase;
			buildActionMask = 2147483647;
			files = (
				91897C141E30506C00EB6DC3 /* ViewController.swift in Sources */,
				91897C121E30506C00EB6DC3 /* AppDelegate.swift in Sources */,
				91897C211E3051AB00EB6DC3 /* SBView.swift in Sources */,
			);
			runOnlyForDeploymentPostprocessing = 0;
		};
/* End PBXSourcesBuildPhase section */

/* Begin PBXVariantGroup section */
		91897C171E30506C00EB6DC3 /* Main.storyboard */ = {
			isa = PBXVariantGroup;
			children = (
				91897C181E30506C00EB6DC3 /* Base */,
			);
			name = Main.storyboard;
			sourceTree = "<group>";
		};
/* End PBXVariantGroup section */

/* Begin XCBuildConfiguration section */
		91897C1B1E30506C00EB6DC3 /* Debug */ = {
			isa = XCBuildConfiguration;
			buildSettings = {
				ALWAYS_SEARCH_USER_PATHS = NO;
				CLANG_ANALYZER_NONNULL = YES;
				CLANG_CXX_LANGUAGE_STANDARD = "gnu++0x";
				CLANG_CXX_LIBRARY = "libc++";
				CLANG_ENABLE_MODULES = YES;
				CLANG_ENABLE_OBJC_ARC = YES;
				CLANG_WARN_BOOL_CONVERSION = YES;
				CLANG_WARN_CONSTANT_CONVERSION = YES;
				CLANG_WARN_DIRECT_OBJC_ISA_USAGE = YES_ERROR;
				CLANG_WARN_DOCUMENTATION_COMMENTS = YES;
				CLANG_WARN_EMPTY_BODY = YES;
				CLANG_WARN_ENUM_CONVERSION = YES;
				CLANG_WARN_INFINITE_RECURSION = YES;
				CLANG_WARN_INT_CONVERSION = YES;
				CLANG_WARN_OBJC_ROOT_CLASS = YES_ERROR;
				CLANG_WARN_SUSPICIOUS_MOVE = YES;
				CLANG_WARN_UNREACHABLE_CODE = YES;
				CLANG_WARN__DUPLICATE_METHOD_MATCH = YES;
				CODE_SIGN_IDENTITY = "-";
				COPY_PHASE_STRIP = NO;
				DEBUG_INFORMATION_FORMAT = dwarf;
				ENABLE_STRICT_OBJC_MSGSEND = YES;
				ENABLE_TESTABILITY = YES;
				GCC_C_LANGUAGE_STANDARD = gnu99;
				GCC_DYNAMIC_NO_PIC = NO;
				GCC_NO_COMMON_BLOCKS = YES;
				GCC_OPTIMIZATION_LEVEL = 0;
				GCC_PREPROCESSOR_DEFINITIONS = (
					"DEBUG=1",
					"$(inherited)",
				);
				GCC_WARN_64_TO_32_BIT_CONVERSION = YES;
				GCC_WARN_ABOUT_RETURN_TYPE = YES_ERROR;
				GCC_WARN_UNDECLARED_SELECTOR = YES;
				GCC_WARN_UNINITIALIZED_AUTOS = YES_AGGRESSIVE;
				GCC_WARN_UNUSED_FUNCTION = YES;
				GCC_WARN_UNUSED_VARIABLE = YES;
				MACOSX_DEPLOYMENT_TARGET = 10.12;
				MTL_ENABLE_DEBUG_INFO = YES;
				ONLY_ACTIVE_ARCH = YES;
				SDKROOT = macosx;
				SWIFT_ACTIVE_COMPILATION_CONDITIONS = DEBUG;
				SWIFT_OPTIMIZATION_LEVEL = "-Onone";
			};
			name = Debug;
		};
		91897C1C1E30506C00EB6DC3 /* Release */ = {
			isa = XCBuildConfiguration;
			buildSettings = {
				ALWAYS_SEARCH_USER_PATHS = NO;
				CLANG_ANALYZER_NONNULL = YES;
				CLANG_CXX_LANGUAGE_STANDARD = "gnu++0x";
				CLANG_CXX_LIBRARY = "libc++";
				CLANG_ENABLE_MODULES = YES;
				CLANG_ENABLE_OBJC_ARC = YES;
				CLANG_WARN_BOOL_CONVERSION = YES;
				CLANG_WARN_CONSTANT_CONVERSION = YES;
				CLANG_WARN_DIRECT_OBJC_ISA_USAGE = YES_ERROR;
				CLANG_WARN_DOCUMENTATION_COMMENTS = YES;
				CLANG_WARN_EMPTY_BODY = YES;
				CLANG_WARN_ENUM_CONVERSION = YES;
				CLANG_WARN_INFINITE_RECURSION = YES;
				CLANG_WARN_INT_CONVERSION = YES;
				CLANG_WARN_OBJC_ROOT_CLASS = YES_ERROR;
				CLANG_WARN_SUSPICIOUS_MOVE = YES;
				CLANG_WARN_UNREACHABLE_CODE = YES;
				CLANG_WARN__DUPLICATE_METHOD_MATCH = YES;
				CODE_SIGN_IDENTITY = "-";
				COPY_PHASE_STRIP = NO;
				DEBUG_INFORMATION_FORMAT = "dwarf-with-dsym";
				ENABLE_NS_ASSERTIONS = NO;
				ENABLE_STRICT_OBJC_MSGSEND = YES;
				GCC_C_LANGUAGE_STANDARD = gnu99;
				GCC_NO_COMMON_BLOCKS = YES;
				GCC_WARN_64_TO_32_BIT_CONVERSION = YES;
				GCC_WARN_ABOUT_RETURN_TYPE = YES_ERROR;
				GCC_WARN_UNDECLARED_SELECTOR = YES;
				GCC_WARN_UNINITIALIZED_AUTOS = YES_AGGRESSIVE;
				GCC_WARN_UNUSED_FUNCTION = YES;
				GCC_WARN_UNUSED_VARIABLE = YES;
				MACOSX_DEPLOYMENT_TARGET = 10.12;
				MTL_ENABLE_DEBUG_INFO = NO;
				SDKROOT = macosx;
				SWIFT_OPTIMIZATION_LEVEL = "-Owholemodule";
			};
			name = Release;
		};
		91897C1E1E30506C00EB6DC3 /* Debug */ = {
			isa = XCBuildConfiguration;
			buildSettings = {
				ASSETCATALOG_COMPILER_APPICON_NAME = AppIcon;
				CODE_SIGN_ENTITLEMENTS = NSPastboard/NSPastboard.entitlements;
				COMBINE_HIDPI_IMAGES = YES;
				DEVELOPMENT_TEAM = M54Y5FDG74;
				INFOPLIST_FILE = NSPastboard/Info.plist;
				LD_RUNPATH_SEARCH_PATHS = "$(inherited) @executable_path/../Frameworks";
				PRODUCT_BUNDLE_IDENTIFIER = s.NSPastboard;
				PRODUCT_NAME = "$(TARGET_NAME)";
				SWIFT_VERSION = 3.0;
			};
			name = Debug;
		};
		91897C1F1E30506C00EB6DC3 /* Release */ = {
			isa = XCBuildConfiguration;
			buildSettings = {
				ASSETCATALOG_COMPILER_APPICON_NAME = AppIcon;
				CODE_SIGN_ENTITLEMENTS = NSPastboard/NSPastboard.entitlements;
				COMBINE_HIDPI_IMAGES = YES;
				DEVELOPMENT_TEAM = M54Y5FDG74;
				INFOPLIST_FILE = NSPastboard/Info.plist;
				LD_RUNPATH_SEARCH_PATHS = "$(inherited) @executable_path/../Frameworks";
				PRODUCT_BUNDLE_IDENTIFIER = s.NSPastboard;
				PRODUCT_NAME = "$(TARGET_NAME)";
				SWIFT_VERSION = 3.0;
			};
			name = Release;
		};
/* End XCBuildConfiguration section */

/* Begin XCConfigurationList section */
		91897C091E30506C00EB6DC3 /* Build configuration list for PBXProject "NSPastboard" */ = {
			isa = XCConfigurationList;
			buildConfigurations = (
				91897C1B1E30506C00EB6DC3 /* Debug */,
				91897C1C1E30506C00EB6DC3 /* Release */,
			);
			defaultConfigurationIsVisible = 0;
			defaultConfigurationName = Release;
		};
		91897C1D1E30506C00EB6DC3 /* Build configuration list for PBXNativeTarget "NSPastboard" */ = {
			isa = XCConfigurationList;
			buildConfigurations = (
				91897C1E1E30506C00EB6DC3 /* Debug */,
				91897C1F1E30506C00EB6DC3 /* Release */,
			);
			defaultConfigurationIsVisible = 0;
			defaultConfigurationName = Release;
		};
/* End XCConfigurationList section */
	};
	rootObject = 91897C061E30506C00EB6DC3 /* Project object */;
}
